
Microsoft Visual Studio Solution File, Format Version 11.00
# Visual Studio 2010
Project("{FAE04EC0-301F-11D3-BF4B-00C04F79EFBC}") = "Vulpecula2dLevelTwo", "Assembly-CSharp-firstpass.csproj", "{716F5E7E-BF77-A971-6BE1-82317FDC4016}"
EndProject
Project("{FAE04EC0-301F-11D3-BF4B-00C04F79EFBC}") = "Vulpecula2dLevelTwo", "Assembly-CSharp.csproj", "{64FDE838-4988-AEFB-8256-471AE8DB4A1D}"
EndProject
Project("{FAE04EC0-301F-11D3-BF4B-00C04F79EFBC}") = "Vulpecula2dLevelTwo", "Assembly-CSharp-Editor-firstpass.csproj", "{78A10AE0-53F6-BBBD-8E47-DE7B00DE7E98}"
EndProject
Project("{FAE04EC0-301F-11D3-BF4B-00C04F79EFBC}") = "Vulpecula2dLevelTwo", "Assembly-CSharp-Editor.csproj", "{3F1669EB-4CE7-D362-88ED-6CC44153B8F5}"
EndProject
Global
	GlobalSection(SolutionConfigurationPlatforms) = preSolution
		Debug|Any CPU = Debug|Any CPU
		Release|Any CPU = Release|Any CPU
	EndGlobalSection
	GlobalSection(ProjectConfigurationPlatforms) = postSolution
		{716F5E7E-BF77-A971-6BE1-82317FDC4016}.Debug|Any CPU.ActiveCfg = Debug|Any CPU
		{716F5E7E-BF77-A971-6BE1-82317FDC4016}.Debug|Any CPU.Build.0 = Debug|Any CPU
		{716F5E7E-BF77-A971-6BE1-82317FDC4016}.Release|Any CPU.ActiveCfg = Release|Any CPU
		{716F5E7E-BF77-A971-6BE1-82317FDC4016}.Release|Any CPU.Build.0 = Release|Any CPU
		{64FDE838-4988-AEFB-8256-471AE8DB4A1D}.Debug|Any CPU.ActiveCfg = Debug|Any CPU
		{64FDE838-4988-AEFB-8256-471AE8DB4A1D}.Debug|Any CPU.Build.0 = Debug|Any CPU
		{64FDE838-4988-AEFB-8256-471AE8DB4A1D}.Release|Any CPU.ActiveCfg = Release|Any CPU
		{64FDE838-4988-AEFB-8256-471AE8DB4A1D}.Release|Any CPU.Build.0 = Release|Any CPU
		{78A10AE0-53F6-BBBD-8E47-DE7B00DE7E98}.Debug|Any CPU.ActiveCfg = Debug|Any CPU
		{78A10AE0-53F6-BBBD-8E47-DE7B00DE7E98}.Debug|Any CPU.Build.0 = Debug|Any CPU
		{78A10AE0-53F6-BBBD-8E47-DE7B00DE7E98}.Release|Any CPU.ActiveCfg = Release|Any CPU
		{78A10AE0-53F6-BBBD-8E47-DE7B00DE7E98}.Release|Any CPU.Build.0 = Release|Any CPU
		{3F1669EB-4CE7-D362-88ED-6CC44153B8F5}.Debug|Any CPU.ActiveCfg = Debug|Any CPU
		{3F1669EB-4CE7-D362-88ED-6CC44153B8F5}.Debug|Any CPU.Build.0 = Debug|Any CPU
		{3F1669EB-4CE7-D362-88ED-6CC44153B8F5}.Release|Any CPU.ActiveCfg = Release|Any CPU
		{3F1669EB-4CE7-D362-88ED-6CC44153B8F5}.Release|Any CPU.Build.0 = Release|Any CPU
	EndGlobalSection
	GlobalSection(SolutionProperties) = preSolution
		HideSolutionNode = FALSE
	EndGlobalSection
	GlobalSection(MonoDevelopProperties) = preSolution
		StartupItem = Assembly-CSharp.csproj
	EndGlobalSection
EndGlobal
