
Microsoft Visual Studio Solution File, Format Version 12.00
# Visual Studio 2017
Project("{FAE04EC0-301F-11D3-BF4B-00C04F79EFBC}") = "Vulpecula 2d Level Two.Plugins", "Vulpecula 2d Level Two.Plugins.csproj", "{18D3B5FC-D233-D514-70D5-7C9E67DFBF80}"
EndProject
Project("{FAE04EC0-301F-11D3-BF4B-00C04F79EFBC}") = "Vulpecula 2d Level Two", "Vulpecula 2d Level Two.csproj", "{467DC6CC-5930-AE25-DE11-16CC8234AB6F}"
EndProject
Project("{FAE04EC0-301F-11D3-BF4B-00C04F79EFBC}") = "Vulpecula 2d Level Two.Editor.Plugins", "Vulpecula 2d Level Two.Editor.Plugins.csproj", "{B150A480-D170-E51C-DA2A-39FD41E2F97B}"
EndProject
Project("{FAE04EC0-301F-11D3-BF4B-00C04F79EFBC}") = "Vulpecula 2d Level Two.Editor", "Vulpecula 2d Level Two.Editor.csproj", "{6F8FB82C-40FF-1793-C552-71BAA750C6DC}"
EndProject
Global
	GlobalSection(SolutionConfigurationPlatforms) = preSolution
		Debug|Any CPU = Debug|Any CPU
		Release|Any CPU = Release|Any CPU
	EndGlobalSection
	GlobalSection(ProjectConfigurationPlatforms) = postSolution
		{18D3B5FC-D233-D514-70D5-7C9E67DFBF80}.Debug|Any CPU.ActiveCfg = Debug|Any CPU
		{18D3B5FC-D233-D514-70D5-7C9E67DFBF80}.Debug|Any CPU.Build.0 = Debug|Any CPU
		{18D3B5FC-D233-D514-70D5-7C9E67DFBF80}.Release|Any CPU.ActiveCfg = Release|Any CPU
		{18D3B5FC-D233-D514-70D5-7C9E67DFBF80}.Release|Any CPU.Build.0 = Release|Any CPU
		{467DC6CC-5930-AE25-DE11-16CC8234AB6F}.Debug|Any CPU.ActiveCfg = Debug|Any CPU
		{467DC6CC-5930-AE25-DE11-16CC8234AB6F}.Debug|Any CPU.Build.0 = Debug|Any CPU
		{467DC6CC-5930-AE25-DE11-16CC8234AB6F}.Release|Any CPU.ActiveCfg = Release|Any CPU
		{467DC6CC-5930-AE25-DE11-16CC8234AB6F}.Release|Any CPU.Build.0 = Release|Any CPU
		{B150A480-D170-E51C-DA2A-39FD41E2F97B}.Debug|Any CPU.ActiveCfg = Debug|Any CPU
		{B150A480-D170-E51C-DA2A-39FD41E2F97B}.Debug|Any CPU.Build.0 = Debug|Any CPU
		{B150A480-D170-E51C-DA2A-39FD41E2F97B}.Release|Any CPU.ActiveCfg = Release|Any CPU
		{B150A480-D170-E51C-DA2A-39FD41E2F97B}.Release|Any CPU.Build.0 = Release|Any CPU
		{6F8FB82C-40FF-1793-C552-71BAA750C6DC}.Debug|Any CPU.ActiveCfg = Debug|Any CPU
		{6F8FB82C-40FF-1793-C552-71BAA750C6DC}.Debug|Any CPU.Build.0 = Debug|Any CPU
		{6F8FB82C-40FF-1793-C552-71BAA750C6DC}.Release|Any CPU.ActiveCfg = Release|Any CPU
		{6F8FB82C-40FF-1793-C552-71BAA750C6DC}.Release|Any CPU.Build.0 = Release|Any CPU
	EndGlobalSection
	GlobalSection(SolutionProperties) = preSolution
		HideSolutionNode = FALSE
	EndGlobalSection
EndGlobal
